// !$*UTF8*$!
{
	archiveVersion = 1;
	classes = {
	};
	objectVersion = 55;
	objects = {

/* Begin PBXBuildFile section */
		02668A6F271077510023A331 /* SubjectsTableViewController.swift in Sources */ = {isa = PBXBuildFile; fileRef = 02668A6E271077510023A331 /* SubjectsTableViewController.swift */; };
		027F30A42731637800CAE61B /* Localizable.strings in Resources */ = {isa = PBXBuildFile; fileRef = 027F30A62731637800CAE61B /* Localizable.strings */; };
		027F30AB2737EB7100CAE61B /* UIColor+extensions.swift in Sources */ = {isa = PBXBuildFile; fileRef = 027F30AA2737EB7100CAE61B /* UIColor+extensions.swift */; };
		02828948271DB3AB00C91B40 /* JournalCell.swift in Sources */ = {isa = PBXBuildFile; fileRef = 02828947271DB3AB00C91B40 /* JournalCell.swift */; };
		0282898B271DD2A900C91B40 /* CreateAndEditStudentViewController.swift in Sources */ = {isa = PBXBuildFile; fileRef = 0282898A271DD2A900C91B40 /* CreateAndEditStudentViewController.swift */; };
		0282898D271EAE1A00C91B40 /* Journal.swift in Sources */ = {isa = PBXBuildFile; fileRef = 0282898C271EAE1A00C91B40 /* Journal.swift */; };
		028289952721A37900C91B40 /* CreateSubjectViewController.swift in Sources */ = {isa = PBXBuildFile; fileRef = 028289942721A37900C91B40 /* CreateSubjectViewController.swift */; };
		028B7B8B2709C61D0028C1B7 /* AppDelegate.swift in Sources */ = {isa = PBXBuildFile; fileRef = 028B7B8A2709C61D0028C1B7 /* AppDelegate.swift */; };
		028B7B8D2709C61D0028C1B7 /* SceneDelegate.swift in Sources */ = {isa = PBXBuildFile; fileRef = 028B7B8C2709C61D0028C1B7 /* SceneDelegate.swift */; };
		028B7B8F2709C61D0028C1B7 /* JournalTableViewController.swift in Sources */ = {isa = PBXBuildFile; fileRef = 028B7B8E2709C61D0028C1B7 /* JournalTableViewController.swift */; };
		028B7B942709C61F0028C1B7 /* Assets.xcassets in Resources */ = {isa = PBXBuildFile; fileRef = 028B7B932709C61F0028C1B7 /* Assets.xcassets */; };
		028B7B972709C61F0028C1B7 /* LaunchScreen.storyboard in Resources */ = {isa = PBXBuildFile; fileRef = 028B7B952709C61F0028C1B7 /* LaunchScreen.storyboard */; };
		028B7BA22709C6200028C1B7 /* StudentsJournalAppTests.swift in Sources */ = {isa = PBXBuildFile; fileRef = 028B7BA12709C6200028C1B7 /* StudentsJournalAppTests.swift */; };
		028B7BAC2709C6200028C1B7 /* StudentsJournalAppUITests.swift in Sources */ = {isa = PBXBuildFile; fileRef = 028B7BAB2709C6200028C1B7 /* StudentsJournalAppUITests.swift */; };
		028B7BAE2709C6200028C1B7 /* StudentsJournalAppUITestsLaunchTests.swift in Sources */ = {isa = PBXBuildFile; fileRef = 028B7BAD2709C6200028C1B7 /* StudentsJournalAppUITestsLaunchTests.swift */; };
		028B7BC7270CA34E0028C1B7 /* CreateAndEditJournalViewController.swift in Sources */ = {isa = PBXBuildFile; fileRef = 028B7BC6270CA34E0028C1B7 /* CreateAndEditJournalViewController.swift */; };
		028B7BCB270DB0F00028C1B7 /* StudentsTableViewController.swift in Sources */ = {isa = PBXBuildFile; fileRef = 028B7BCA270DB0F00028C1B7 /* StudentsTableViewController.swift */; };
		029E28A5274C276800364813 /* ValueCell.swift in Sources */ = {isa = PBXBuildFile; fileRef = 029E28A4274C276800364813 /* ValueCell.swift */; };
		02C45DC22726FDF600ACE6D3 /* JournalModel.swift in Sources */ = {isa = PBXBuildFile; fileRef = 02C45DC12726FDF600ACE6D3 /* JournalModel.swift */; };
/* End PBXBuildFile section */

/* Begin PBXContainerItemProxy section */
		028B7B9E2709C6200028C1B7 /* PBXContainerItemProxy */ = {
			isa = PBXContainerItemProxy;
			containerPortal = 028B7B7F2709C61D0028C1B7 /* Project object */;
			proxyType = 1;
			remoteGlobalIDString = 028B7B862709C61D0028C1B7;
			remoteInfo = StudentsJournalApp;
		};
		028B7BA82709C6200028C1B7 /* PBXContainerItemProxy */ = {
			isa = PBXContainerItemProxy;
			containerPortal = 028B7B7F2709C61D0028C1B7 /* Project object */;
			proxyType = 1;
			remoteGlobalIDString = 028B7B862709C61D0028C1B7;
			remoteInfo = StudentsJournalApp;
		};
/* End PBXContainerItemProxy section */

/* Begin PBXFileReference section */
		02668A6E271077510023A331 /* SubjectsTableViewController.swift */ = {isa = PBXFileReference; lastKnownFileType = sourcecode.swift; path = SubjectsTableViewController.swift; sourceTree = "<group>"; };
		027F30A12731636000CAE61B /* ru */ = {isa = PBXFileReference; lastKnownFileType = text.plist.strings; name = ru; path = ru.lproj/LaunchScreen.strings; sourceTree = "<group>"; };
		027F30A52731637800CAE61B /* ru */ = {isa = PBXFileReference; lastKnownFileType = text.plist.strings; name = ru; path = ru.lproj/Localizable.strings; sourceTree = "<group>"; };
		027F30AA2737EB7100CAE61B /* UIColor+extensions.swift */ = {isa = PBXFileReference; lastKnownFileType = sourcecode.swift; path = "UIColor+extensions.swift"; sourceTree = "<group>"; };
		02828947271DB3AB00C91B40 /* JournalCell.swift */ = {isa = PBXFileReference; lastKnownFileType = sourcecode.swift; path = JournalCell.swift; sourceTree = "<group>"; };
		0282898A271DD2A900C91B40 /* CreateAndEditStudentViewController.swift */ = {isa = PBXFileReference; lastKnownFileType = sourcecode.swift; path = CreateAndEditStudentViewController.swift; sourceTree = "<group>"; };
		0282898C271EAE1A00C91B40 /* Journal.swift */ = {isa = PBXFileReference; lastKnownFileType = sourcecode.swift; path = Journal.swift; sourceTree = "<group>"; };
		028289942721A37900C91B40 /* CreateSubjectViewController.swift */ = {isa = PBXFileReference; lastKnownFileType = sourcecode.swift; path = CreateSubjectViewController.swift; sourceTree = "<group>"; };
		028B7B872709C61D0028C1B7 /* StudentsJournalApp.app */ = {isa = PBXFileReference; explicitFileType = wrapper.application; includeInIndex = 0; path = StudentsJournalApp.app; sourceTree = BUILT_PRODUCTS_DIR; };
		028B7B8A2709C61D0028C1B7 /* AppDelegate.swift */ = {isa = PBXFileReference; lastKnownFileType = sourcecode.swift; path = AppDelegate.swift; sourceTree = "<group>"; };
		028B7B8C2709C61D0028C1B7 /* SceneDelegate.swift */ = {isa = PBXFileReference; lastKnownFileType = sourcecode.swift; path = SceneDelegate.swift; sourceTree = "<group>"; };
		028B7B8E2709C61D0028C1B7 /* JournalTableViewController.swift */ = {isa = PBXFileReference; lastKnownFileType = sourcecode.swift; path = JournalTableViewController.swift; sourceTree = "<group>"; };
		028B7B932709C61F0028C1B7 /* Assets.xcassets */ = {isa = PBXFileReference; lastKnownFileType = folder.assetcatalog; path = Assets.xcassets; sourceTree = "<group>"; };
		028B7B962709C61F0028C1B7 /* Base */ = {isa = PBXFileReference; lastKnownFileType = file.storyboard; name = Base; path = Base.lproj/LaunchScreen.storyboard; sourceTree = "<group>"; };
		028B7B982709C61F0028C1B7 /* Info.plist */ = {isa = PBXFileReference; lastKnownFileType = text.plist.xml; path = Info.plist; sourceTree = "<group>"; };
		028B7B9D2709C6200028C1B7 /* StudentsJournalAppTests.xctest */ = {isa = PBXFileReference; explicitFileType = wrapper.cfbundle; includeInIndex = 0; path = StudentsJournalAppTests.xctest; sourceTree = BUILT_PRODUCTS_DIR; };
		028B7BA12709C6200028C1B7 /* StudentsJournalAppTests.swift */ = {isa = PBXFileReference; lastKnownFileType = sourcecode.swift; path = StudentsJournalAppTests.swift; sourceTree = "<group>"; };
		028B7BA72709C6200028C1B7 /* StudentsJournalAppUITests.xctest */ = {isa = PBXFileReference; explicitFileType = wrapper.cfbundle; includeInIndex = 0; path = StudentsJournalAppUITests.xctest; sourceTree = BUILT_PRODUCTS_DIR; };
		028B7BAB2709C6200028C1B7 /* StudentsJournalAppUITests.swift */ = {isa = PBXFileReference; lastKnownFileType = sourcecode.swift; path = StudentsJournalAppUITests.swift; sourceTree = "<group>"; };
		028B7BAD2709C6200028C1B7 /* StudentsJournalAppUITestsLaunchTests.swift */ = {isa = PBXFileReference; lastKnownFileType = sourcecode.swift; path = StudentsJournalAppUITestsLaunchTests.swift; sourceTree = "<group>"; };
		028B7BC6270CA34E0028C1B7 /* CreateAndEditJournalViewController.swift */ = {isa = PBXFileReference; lastKnownFileType = sourcecode.swift; path = CreateAndEditJournalViewController.swift; sourceTree = "<group>"; };
		028B7BCA270DB0F00028C1B7 /* StudentsTableViewController.swift */ = {isa = PBXFileReference; lastKnownFileType = sourcecode.swift; path = StudentsTableViewController.swift; sourceTree = "<group>"; };
		029E28A4274C276800364813 /* ValueCell.swift */ = {isa = PBXFileReference; lastKnownFileType = sourcecode.swift; path = ValueCell.swift; sourceTree = "<group>"; };
		02C45DC12726FDF600ACE6D3 /* JournalModel.swift */ = {isa = PBXFileReference; lastKnownFileType = sourcecode.swift; path = JournalModel.swift; sourceTree = "<group>"; };
/* End PBXFileReference section */

/* Begin PBXFrameworksBuildPhase section */
		028B7B842709C61D0028C1B7 /* Frameworks */ = {
			isa = PBXFrameworksBuildPhase;
			buildActionMask = 2147483647;
			files = (
			);
			runOnlyForDeploymentPostprocessing = 0;
		};
		028B7B9A2709C6200028C1B7 /* Frameworks */ = {
			isa = PBXFrameworksBuildPhase;
			buildActionMask = 2147483647;
			files = (
			);
			runOnlyForDeploymentPostprocessing = 0;
		};
		028B7BA42709C6200028C1B7 /* Frameworks */ = {
			isa = PBXFrameworksBuildPhase;
			buildActionMask = 2147483647;
			files = (
			);
			runOnlyForDeploymentPostprocessing = 0;
		};
/* End PBXFrameworksBuildPhase section */

/* Begin PBXGroup section */
		027F30A92737EAC800CAE61B /* Extensions */ = {
			isa = PBXGroup;
			children = (
				027F30AA2737EB7100CAE61B /* UIColor+extensions.swift */,
			);
			path = Extensions;
			sourceTree = "<group>";
		};
		02828949271DB46C00C91B40 /* Model */ = {
			isa = PBXGroup;
			children = (
				0282898C271EAE1A00C91B40 /* Journal.swift */,
				02C45DC12726FDF600ACE6D3 /* JournalModel.swift */,
			);
			path = Model;
			sourceTree = "<group>";
		};
		0282894A271DB48300C91B40 /* View */ = {
			isa = PBXGroup;
			children = (
				02828947271DB3AB00C91B40 /* JournalCell.swift */,
				029E28A4274C276800364813 /* ValueCell.swift */,
			);
			path = View;
			sourceTree = "<group>";
		};
		0282894B271DB49600C91B40 /* Controller */ = {
			isa = PBXGroup;
			children = (
				028B7B8E2709C61D0028C1B7 /* JournalTableViewController.swift */,
				028B7BC6270CA34E0028C1B7 /* CreateAndEditJournalViewController.swift */,
				028B7BCA270DB0F00028C1B7 /* StudentsTableViewController.swift */,
				0282898A271DD2A900C91B40 /* CreateAndEditStudentViewController.swift */,
				02668A6E271077510023A331 /* SubjectsTableViewController.swift */,
				028289942721A37900C91B40 /* CreateSubjectViewController.swift */,
			);
			path = Controller;
			sourceTree = "<group>";
		};
		028B7B7E2709C61D0028C1B7 = {
			isa = PBXGroup;
			children = (
				028B7B892709C61D0028C1B7 /* StudentsJournalApp */,
				028B7BA02709C6200028C1B7 /* StudentsJournalAppTests */,
				028B7BAA2709C6200028C1B7 /* StudentsJournalAppUITests */,
				028B7B882709C61D0028C1B7 /* Products */,
			);
			sourceTree = "<group>";
		};
		028B7B882709C61D0028C1B7 /* Products */ = {
			isa = PBXGroup;
			children = (
				028B7B872709C61D0028C1B7 /* StudentsJournalApp.app */,
				028B7B9D2709C6200028C1B7 /* StudentsJournalAppTests.xctest */,
				028B7BA72709C6200028C1B7 /* StudentsJournalAppUITests.xctest */,
			);
			name = Products;
			sourceTree = "<group>";
		};
		028B7B892709C61D0028C1B7 /* StudentsJournalApp */ = {
			isa = PBXGroup;
			children = (
				027F30A92737EAC800CAE61B /* Extensions */,
				0282894B271DB49600C91B40 /* Controller */,
				0282894A271DB48300C91B40 /* View */,
				02828949271DB46C00C91B40 /* Model */,
				028B7B8A2709C61D0028C1B7 /* AppDelegate.swift */,
				028B7B8C2709C61D0028C1B7 /* SceneDelegate.swift */,
				028B7B932709C61F0028C1B7 /* Assets.xcassets */,
				028B7B952709C61F0028C1B7 /* LaunchScreen.storyboard */,
				028B7B982709C61F0028C1B7 /* Info.plist */,
				027F30A62731637800CAE61B /* Localizable.strings */,
			);
			path = StudentsJournalApp;
			sourceTree = "<group>";
		};
		028B7BA02709C6200028C1B7 /* StudentsJournalAppTests */ = {
			isa = PBXGroup;
			children = (
				028B7BA12709C6200028C1B7 /* StudentsJournalAppTests.swift */,
			);
			path = StudentsJournalAppTests;
			sourceTree = "<group>";
		};
		028B7BAA2709C6200028C1B7 /* StudentsJournalAppUITests */ = {
			isa = PBXGroup;
			children = (
				028B7BAB2709C6200028C1B7 /* StudentsJournalAppUITests.swift */,
				028B7BAD2709C6200028C1B7 /* StudentsJournalAppUITestsLaunchTests.swift */,
			);
			path = StudentsJournalAppUITests;
			sourceTree = "<group>";
		};
/* End PBXGroup section */

/* Begin PBXNativeTarget section */
		028B7B862709C61D0028C1B7 /* StudentsJournalApp */ = {
			isa = PBXNativeTarget;
			buildConfigurationList = 028B7BB12709C6200028C1B7 /* Build configuration list for PBXNativeTarget "StudentsJournalApp" */;
			buildPhases = (
				028B7B832709C61D0028C1B7 /* Sources */,
				028B7B842709C61D0028C1B7 /* Frameworks */,
				028B7B852709C61D0028C1B7 /* Resources */,
			);
			buildRules = (
			);
			dependencies = (
			);
			name = StudentsJournalApp;
			productName = StudentsJournalApp;
			productReference = 028B7B872709C61D0028C1B7 /* StudentsJournalApp.app */;
			productType = "com.apple.product-type.application";
		};
		028B7B9C2709C6200028C1B7 /* StudentsJournalAppTests */ = {
			isa = PBXNativeTarget;
			buildConfigurationList = 028B7BB42709C6200028C1B7 /* Build configuration list for PBXNativeTarget "StudentsJournalAppTests" */;
			buildPhases = (
				028B7B992709C6200028C1B7 /* Sources */,
				028B7B9A2709C6200028C1B7 /* Frameworks */,
				028B7B9B2709C6200028C1B7 /* Resources */,
			);
			buildRules = (
			);
			dependencies = (
				028B7B9F2709C6200028C1B7 /* PBXTargetDependency */,
			);
			name = StudentsJournalAppTests;
			productName = StudentsJournalAppTests;
			productReference = 028B7B9D2709C6200028C1B7 /* StudentsJournalAppTests.xctest */;
			productType = "com.apple.product-type.bundle.unit-test";
		};
		028B7BA62709C6200028C1B7 /* StudentsJournalAppUITests */ = {
			isa = PBXNativeTarget;
			buildConfigurationList = 028B7BB72709C6200028C1B7 /* Build configuration list for PBXNativeTarget "StudentsJournalAppUITests" */;
			buildPhases = (
				028B7BA32709C6200028C1B7 /* Sources */,
				028B7BA42709C6200028C1B7 /* Frameworks */,
				028B7BA52709C6200028C1B7 /* Resources */,
			);
			buildRules = (
			);
			dependencies = (
				028B7BA92709C6200028C1B7 /* PBXTargetDependency */,
			);
			name = StudentsJournalAppUITests;
			productName = StudentsJournalAppUITests;
			productReference = 028B7BA72709C6200028C1B7 /* StudentsJournalAppUITests.xctest */;
			productType = "com.apple.product-type.bundle.ui-testing";
		};
/* End PBXNativeTarget section */

/* Begin PBXProject section */
		028B7B7F2709C61D0028C1B7 /* Project object */ = {
			isa = PBXProject;
			attributes = {
				BuildIndependentTargetsInParallel = 1;
				LastSwiftUpdateCheck = 1300;
				LastUpgradeCheck = 1300;
				TargetAttributes = {
					028B7B862709C61D0028C1B7 = {
						CreatedOnToolsVersion = 13.0;
					};
					028B7B9C2709C6200028C1B7 = {
						CreatedOnToolsVersion = 13.0;
						TestTargetID = 028B7B862709C61D0028C1B7;
					};
					028B7BA62709C6200028C1B7 = {
						CreatedOnToolsVersion = 13.0;
						TestTargetID = 028B7B862709C61D0028C1B7;
					};
				};
			};
			buildConfigurationList = 028B7B822709C61D0028C1B7 /* Build configuration list for PBXProject "StudentsJournalApp" */;
			compatibilityVersion = "Xcode 13.0";
			developmentRegion = en;
			hasScannedForEncodings = 0;
			knownRegions = (
				en,
				Base,
				ru,
			);
			mainGroup = 028B7B7E2709C61D0028C1B7;
			productRefGroup = 028B7B882709C61D0028C1B7 /* Products */;
			projectDirPath = "";
			projectRoot = "";
			targets = (
				028B7B862709C61D0028C1B7 /* StudentsJournalApp */,
				028B7B9C2709C6200028C1B7 /* StudentsJournalAppTests */,
				028B7BA62709C6200028C1B7 /* StudentsJournalAppUITests */,
			);
		};
/* End PBXProject section */

/* Begin PBXResourcesBuildPhase section */
		028B7B852709C61D0028C1B7 /* Resources */ = {
			isa = PBXResourcesBuildPhase;
			buildActionMask = 2147483647;
			files = (
				028B7B972709C61F0028C1B7 /* LaunchScreen.storyboard in Resources */,
				027F30A42731637800CAE61B /* Localizable.strings in Resources */,
				028B7B942709C61F0028C1B7 /* Assets.xcassets in Resources */,
			);
			runOnlyForDeploymentPostprocessing = 0;
		};
		028B7B9B2709C6200028C1B7 /* Resources */ = {
			isa = PBXResourcesBuildPhase;
			buildActionMask = 2147483647;
			files = (
			);
			runOnlyForDeploymentPostprocessing = 0;
		};
		028B7BA52709C6200028C1B7 /* Resources */ = {
			isa = PBXResourcesBuildPhase;
			buildActionMask = 2147483647;
			files = (
			);
			runOnlyForDeploymentPostprocessing = 0;
		};
/* End PBXResourcesBuildPhase section */

/* Begin PBXSourcesBuildPhase section */
		028B7B832709C61D0028C1B7 /* Sources */ = {
			isa = PBXSourcesBuildPhase;
			buildActionMask = 2147483647;
			files = (
				028B7B8F2709C61D0028C1B7 /* JournalTableViewController.swift in Sources */,
				028289952721A37900C91B40 /* CreateSubjectViewController.swift in Sources */,
				028B7BC7270CA34E0028C1B7 /* CreateAndEditJournalViewController.swift in Sources */,
				029E28A5274C276800364813 /* ValueCell.swift in Sources */,
				02C45DC22726FDF600ACE6D3 /* JournalModel.swift in Sources */,
				028B7B8B2709C61D0028C1B7 /* AppDelegate.swift in Sources */,
				02828948271DB3AB00C91B40 /* JournalCell.swift in Sources */,
				027F30AB2737EB7100CAE61B /* UIColor+extensions.swift in Sources */,
				028B7BCB270DB0F00028C1B7 /* StudentsTableViewController.swift in Sources */,
				0282898B271DD2A900C91B40 /* CreateAndEditStudentViewController.swift in Sources */,
				028B7B8D2709C61D0028C1B7 /* SceneDelegate.swift in Sources */,
				02668A6F271077510023A331 /* SubjectsTableViewController.swift in Sources */,
				0282898D271EAE1A00C91B40 /* Journal.swift in Sources */,
			);
			runOnlyForDeploymentPostprocessing = 0;
		};
		028B7B992709C6200028C1B7 /* Sources */ = {
			isa = PBXSourcesBuildPhase;
			buildActionMask = 2147483647;
			files = (
				028B7BA22709C6200028C1B7 /* StudentsJournalAppTests.swift in Sources */,
			);
			runOnlyForDeploymentPostprocessing = 0;
		};
		028B7BA32709C6200028C1B7 /* Sources */ = {
			isa = PBXSourcesBuildPhase;
			buildActionMask = 2147483647;
			files = (
				028B7BAE2709C6200028C1B7 /* StudentsJournalAppUITestsLaunchTests.swift in Sources */,
				028B7BAC2709C6200028C1B7 /* StudentsJournalAppUITests.swift in Sources */,
			);
			runOnlyForDeploymentPostprocessing = 0;
		};
/* End PBXSourcesBuildPhase section */

/* Begin PBXTargetDependency section */
		028B7B9F2709C6200028C1B7 /* PBXTargetDependency */ = {
			isa = PBXTargetDependency;
			target = 028B7B862709C61D0028C1B7 /* StudentsJournalApp */;
			targetProxy = 028B7B9E2709C6200028C1B7 /* PBXContainerItemProxy */;
		};
		028B7BA92709C6200028C1B7 /* PBXTargetDependency */ = {
			isa = PBXTargetDependency;
			target = 028B7B862709C61D0028C1B7 /* StudentsJournalApp */;
			targetProxy = 028B7BA82709C6200028C1B7 /* PBXContainerItemProxy */;
		};
/* End PBXTargetDependency section */

/* Begin PBXVariantGroup section */
		027F30A62731637800CAE61B /* Localizable.strings */ = {
			isa = PBXVariantGroup;
			children = (
				027F30A52731637800CAE61B /* ru */,
			);
			name = Localizable.strings;
			sourceTree = "<group>";
		};
		028B7B952709C61F0028C1B7 /* LaunchScreen.storyboard */ = {
			isa = PBXVariantGroup;
			children = (
				028B7B962709C61F0028C1B7 /* Base */,
				027F30A12731636000CAE61B /* ru */,
			);
			name = LaunchScreen.storyboard;
			sourceTree = "<group>";
		};
/* End PBXVariantGroup section */

/* Begin XCBuildConfiguration section */
		028B7BAF2709C6200028C1B7 /* Debug */ = {
			isa = XCBuildConfiguration;
			buildSettings = {
				ALWAYS_SEARCH_USER_PATHS = NO;
				CLANG_ANALYZER_LOCALIZABILITY_NONLOCALIZED = YES;
				CLANG_ANALYZER_NONNULL = YES;
				CLANG_ANALYZER_NUMBER_OBJECT_CONVERSION = YES_AGGRESSIVE;
				CLANG_CXX_LANGUAGE_STANDARD = "gnu++17";
				CLANG_CXX_LIBRARY = "libc++";
				CLANG_ENABLE_MODULES = YES;
				CLANG_ENABLE_OBJC_ARC = YES;
				CLANG_ENABLE_OBJC_WEAK = YES;
				CLANG_WARN_BLOCK_CAPTURE_AUTORELEASING = YES;
				CLANG_WARN_BOOL_CONVERSION = YES;
				CLANG_WARN_COMMA = YES;
				CLANG_WARN_CONSTANT_CONVERSION = YES;
				CLANG_WARN_DEPRECATED_OBJC_IMPLEMENTATIONS = YES;
				CLANG_WARN_DIRECT_OBJC_ISA_USAGE = YES_ERROR;
				CLANG_WARN_DOCUMENTATION_COMMENTS = YES;
				CLANG_WARN_EMPTY_BODY = YES;
				CLANG_WARN_ENUM_CONVERSION = YES;
				CLANG_WARN_INFINITE_RECURSION = YES;
				CLANG_WARN_INT_CONVERSION = YES;
				CLANG_WARN_NON_LITERAL_NULL_CONVERSION = YES;
				CLANG_WARN_OBJC_IMPLICIT_RETAIN_SELF = YES;
				CLANG_WARN_OBJC_LITERAL_CONVERSION = YES;
				CLANG_WARN_OBJC_ROOT_CLASS = YES_ERROR;
				CLANG_WARN_QUOTED_INCLUDE_IN_FRAMEWORK_HEADER = YES;
				CLANG_WARN_RANGE_LOOP_ANALYSIS = YES;
				CLANG_WARN_STRICT_PROTOTYPES = YES;
				CLANG_WARN_SUSPICIOUS_MOVE = YES;
				CLANG_WARN_UNGUARDED_AVAILABILITY = YES_AGGRESSIVE;
				CLANG_WARN_UNREACHABLE_CODE = YES;
				CLANG_WARN__DUPLICATE_METHOD_MATCH = YES;
				COPY_PHASE_STRIP = NO;
				DEBUG_INFORMATION_FORMAT = dwarf;
				ENABLE_STRICT_OBJC_MSGSEND = YES;
				ENABLE_TESTABILITY = YES;
				GCC_C_LANGUAGE_STANDARD = gnu11;
				GCC_DYNAMIC_NO_PIC = NO;
				GCC_NO_COMMON_BLOCKS = YES;
				GCC_OPTIMIZATION_LEVEL = 0;
				GCC_PREPROCESSOR_DEFINITIONS = (
					"DEBUG=1",
					"$(inherited)",
				);
				GCC_WARN_64_TO_32_BIT_CONVERSION = YES;
				GCC_WARN_ABOUT_RETURN_TYPE = YES_ERROR;
				GCC_WARN_UNDECLARED_SELECTOR = YES;
				GCC_WARN_UNINITIALIZED_AUTOS = YES_AGGRESSIVE;
				GCC_WARN_UNUSED_FUNCTION = YES;
				GCC_WARN_UNUSED_VARIABLE = YES;
				IPHONEOS_DEPLOYMENT_TARGET = 14.0;
				MTL_ENABLE_DEBUG_INFO = INCLUDE_SOURCE;
				MTL_FAST_MATH = YES;
				ONLY_ACTIVE_ARCH = YES;
				SDKROOT = iphoneos;
				SWIFT_ACTIVE_COMPILATION_CONDITIONS = DEBUG;
				SWIFT_OPTIMIZATION_LEVEL = "-Onone";
			};
			name = Debug;
		};
		028B7BB02709C6200028C1B7 /* Release */ = {
			isa = XCBuildConfiguration;
			buildSettings = {
				ALWAYS_SEARCH_USER_PATHS = NO;
				CLANG_ANALYZER_LOCALIZABILITY_NONLOCALIZED = YES;
				CLANG_ANALYZER_NONNULL = YES;
				CLANG_ANALYZER_NUMBER_OBJECT_CONVERSION = YES_AGGRESSIVE;
				CLANG_CXX_LANGUAGE_STANDARD = "gnu++17";
				CLANG_CXX_LIBRARY = "libc++";
				CLANG_ENABLE_MODULES = YES;
				CLANG_ENABLE_OBJC_ARC = YES;
				CLANG_ENABLE_OBJC_WEAK = YES;
				CLANG_WARN_BLOCK_CAPTURE_AUTORELEASING = YES;
				CLANG_WARN_BOOL_CONVERSION = YES;
				CLANG_WARN_COMMA = YES;
				CLANG_WARN_CONSTANT_CONVERSION = YES;
				CLANG_WARN_DEPRECATED_OBJC_IMPLEMENTATIONS = YES;
				CLANG_WARN_DIRECT_OBJC_ISA_USAGE = YES_ERROR;
				CLANG_WARN_DOCUMENTATION_COMMENTS = YES;
				CLANG_WARN_EMPTY_BODY = YES;
				CLANG_WARN_ENUM_CONVERSION = YES;
				CLANG_WARN_INFINITE_RECURSION = YES;
				CLANG_WARN_INT_CONVERSION = YES;
				CLANG_WARN_NON_LITERAL_NULL_CONVERSION = YES;
				CLANG_WARN_OBJC_IMPLICIT_RETAIN_SELF = YES;
				CLANG_WARN_OBJC_LITERAL_CONVERSION = YES;
				CLANG_WARN_OBJC_ROOT_CLASS = YES_ERROR;
				CLANG_WARN_QUOTED_INCLUDE_IN_FRAMEWORK_HEADER = YES;
				CLANG_WARN_RANGE_LOOP_ANALYSIS = YES;
				CLANG_WARN_STRICT_PROTOTYPES = YES;
				CLANG_WARN_SUSPICIOUS_MOVE = YES;
				CLANG_WARN_UNGUARDED_AVAILABILITY = YES_AGGRESSIVE;
				CLANG_WARN_UNREACHABLE_CODE = YES;
				CLANG_WARN__DUPLICATE_METHOD_MATCH = YES;
				COPY_PHASE_STRIP = NO;
				DEBUG_INFORMATION_FORMAT = "dwarf-with-dsym";
				ENABLE_NS_ASSERTIONS = NO;
				ENABLE_STRICT_OBJC_MSGSEND = YES;
				GCC_C_LANGUAGE_STANDARD = gnu11;
				GCC_NO_COMMON_BLOCKS = YES;
				GCC_WARN_64_TO_32_BIT_CONVERSION = YES;
				GCC_WARN_ABOUT_RETURN_TYPE = YES_ERROR;
				GCC_WARN_UNDECLARED_SELECTOR = YES;
				GCC_WARN_UNINITIALIZED_AUTOS = YES_AGGRESSIVE;
				GCC_WARN_UNUSED_FUNCTION = YES;
				GCC_WARN_UNUSED_VARIABLE = YES;
				IPHONEOS_DEPLOYMENT_TARGET = 14.0;
				MTL_ENABLE_DEBUG_INFO = NO;
				MTL_FAST_MATH = YES;
				SDKROOT = iphoneos;
				SWIFT_COMPILATION_MODE = wholemodule;
				SWIFT_OPTIMIZATION_LEVEL = "-O";
				VALIDATE_PRODUCT = YES;
			};
			name = Release;
		};
		028B7BB22709C6200028C1B7 /* Debug */ = {
			isa = XCBuildConfiguration;
			buildSettings = {
				ASSETCATALOG_COMPILER_APPICON_NAME = AppIcon;
				ASSETCATALOG_COMPILER_GLOBAL_ACCENT_COLOR_NAME = AccentColor;
				CODE_SIGN_STYLE = Automatic;
				CURRENT_PROJECT_VERSION = 1;
				GENERATE_INFOPLIST_FILE = YES;
				INFOPLIST_FILE = StudentsJournalApp/Info.plist;
				INFOPLIST_KEY_UIApplicationSupportsIndirectInputEvents = YES;
				INFOPLIST_KEY_UILaunchStoryboardName = LaunchScreen;
				INFOPLIST_KEY_UIMainStoryboardFile = LaunchScreen;
				INFOPLIST_KEY_UISupportedInterfaceOrientations_iPad = "UIInterfaceOrientationPortrait UIInterfaceOrientationPortraitUpsideDown UIInterfaceOrientationLandscapeLeft UIInterfaceOrientationLandscapeRight";
				INFOPLIST_KEY_UISupportedInterfaceOrientations_iPhone = "UIInterfaceOrientationPortrait UIInterfaceOrientationLandscapeLeft UIInterfaceOrientationLandscapeRight";
				IPHONEOS_DEPLOYMENT_TARGET = 14.0;
				LD_RUNPATH_SEARCH_PATHS = (
					"$(inherited)",
					"@executable_path/Frameworks",
				);
				MARKETING_VERSION = 1.0;
				PRODUCT_BUNDLE_IDENTIFIER = ya.StudentsJournalApp;
				PRODUCT_NAME = "$(TARGET_NAME)";
				SWIFT_EMIT_LOC_STRINGS = YES;
				SWIFT_VERSION = 5.0;
				TARGETED_DEVICE_FAMILY = "1,2";
			};
			name = Debug;
		};
		028B7BB32709C6200028C1B7 /* Release */ = {
			isa = XCBuildConfiguration;
			buildSettings = {
				ASSETCATALOG_COMPILER_APPICON_NAME = AppIcon;
				ASSETCATALOG_COMPILER_GLOBAL_ACCENT_COLOR_NAME = AccentColor;
				CODE_SIGN_STYLE = Automatic;
				CURRENT_PROJECT_VERSION = 1;
				GENERATE_INFOPLIST_FILE = YES;
				INFOPLIST_FILE = StudentsJournalApp/Info.plist;
				INFOPLIST_KEY_UIApplicationSupportsIndirectInputEvents = YES;
				INFOPLIST_KEY_UILaunchStoryboardName = LaunchScreen;
				INFOPLIST_KEY_UIMainStoryboardFile = LaunchScreen;
				INFOPLIST_KEY_UISupportedInterfaceOrientations_iPad = "UIInterfaceOrientationPortrait UIInterfaceOrientationPortraitUpsideDown UIInterfaceOrientationLandscapeLeft UIInterfaceOrientationLandscapeRight";
				INFOPLIST_KEY_UISupportedInterfaceOrientations_iPhone = "UIInterfaceOrientationPortrait UIInterfaceOrientationLandscapeLeft UIInterfaceOrientationLandscapeRight";
				IPHONEOS_DEPLOYMENT_TARGET = 14.0;
				LD_RUNPATH_SEARCH_PATHS = (
					"$(inherited)",
					"@executable_path/Frameworks",
				);
				MARKETING_VERSION = 1.0;
				PRODUCT_BUNDLE_IDENTIFIER = ya.StudentsJournalApp;
				PRODUCT_NAME = "$(TARGET_NAME)";
				SWIFT_EMIT_LOC_STRINGS = YES;
				SWIFT_VERSION = 5.0;
				TARGETED_DEVICE_FAMILY = "1,2";
			};
			name = Release;
		};
		028B7BB52709C6200028C1B7 /* Debug */ = {
			isa = XCBuildConfiguration;
			buildSettings = {
				ALWAYS_EMBED_SWIFT_STANDARD_LIBRARIES = YES;
				BUNDLE_LOADER = "$(TEST_HOST)";
				CODE_SIGN_STYLE = Automatic;
				CURRENT_PROJECT_VERSION = 1;
				GENERATE_INFOPLIST_FILE = YES;
				IPHONEOS_DEPLOYMENT_TARGET = 15.0;
				LD_RUNPATH_SEARCH_PATHS = (
					"$(inherited)",
					"@executable_path/Frameworks",
					"@loader_path/Frameworks",
				);
				MARKETING_VERSION = 1.0;
				PRODUCT_BUNDLE_IDENTIFIER = ya.StudentsJournalAppTests;
				PRODUCT_NAME = "$(TARGET_NAME)";
				SWIFT_EMIT_LOC_STRINGS = NO;
				SWIFT_VERSION = 5.0;
				TARGETED_DEVICE_FAMILY = "1,2";
				TEST_HOST = "$(BUILT_PRODUCTS_DIR)/StudentsJournalApp.app/StudentsJournalApp";
			};
			name = Debug;
		};
		028B7BB62709C6200028C1B7 /* Release */ = {
			isa = XCBuildConfiguration;
			buildSettings = {
				ALWAYS_EMBED_SWIFT_STANDARD_LIBRARIES = YES;
				BUNDLE_LOADER = "$(TEST_HOST)";
				CODE_SIGN_STYLE = Automatic;
				CURRENT_PROJECT_VERSION = 1;
				GENERATE_INFOPLIST_FILE = YES;
				IPHONEOS_DEPLOYMENT_TARGET = 15.0;
				LD_RUNPATH_SEARCH_PATHS = (
					"$(inherited)",
					"@executable_path/Frameworks",
					"@loader_path/Frameworks",
				);
				MARKETING_VERSION = 1.0;
				PRODUCT_BUNDLE_IDENTIFIER = ya.StudentsJournalAppTests;
				PRODUCT_NAME = "$(TARGET_NAME)";
				SWIFT_EMIT_LOC_STRINGS = NO;
				SWIFT_VERSION = 5.0;
				TARGETED_DEVICE_FAMILY = "1,2";
				TEST_HOST = "$(BUILT_PRODUCTS_DIR)/StudentsJournalApp.app/StudentsJournalApp";
			};
			name = Release;
		};
		028B7BB82709C6200028C1B7 /* Debug */ = {
			isa = XCBuildConfiguration;
			buildSettings = {
				ALWAYS_EMBED_SWIFT_STANDARD_LIBRARIES = YES;
				CODE_SIGN_STYLE = Automatic;
				CURRENT_PROJECT_VERSION = 1;
				GENERATE_INFOPLIST_FILE = YES;
				LD_RUNPATH_SEARCH_PATHS = (
					"$(inherited)",
					"@executable_path/Frameworks",
					"@loader_path/Frameworks",
				);
				MARKETING_VERSION = 1.0;
				PRODUCT_BUNDLE_IDENTIFIER = ya.StudentsJournalAppUITests;
				PRODUCT_NAME = "$(TARGET_NAME)";
				SWIFT_EMIT_LOC_STRINGS = NO;
				SWIFT_VERSION = 5.0;
				TARGETED_DEVICE_FAMILY = "1,2";
				TEST_TARGET_NAME = StudentsJournalApp;
			};
			name = Debug;
		};
		028B7BB92709C6200028C1B7 /* Release */ = {
			isa = XCBuildConfiguration;
			buildSettings = {
				ALWAYS_EMBED_SWIFT_STANDARD_LIBRARIES = YES;
				CODE_SIGN_STYLE = Automatic;
				CURRENT_PROJECT_VERSION = 1;
				GENERATE_INFOPLIST_FILE = YES;
				LD_RUNPATH_SEARCH_PATHS = (
					"$(inherited)",
					"@executable_path/Frameworks",
					"@loader_path/Frameworks",
				);
				MARKETING_VERSION = 1.0;
				PRODUCT_BUNDLE_IDENTIFIER = ya.StudentsJournalAppUITests;
				PRODUCT_NAME = "$(TARGET_NAME)";
				SWIFT_EMIT_LOC_STRINGS = NO;
				SWIFT_VERSION = 5.0;
				TARGETED_DEVICE_FAMILY = "1,2";
				TEST_TARGET_NAME = StudentsJournalApp;
			};
			name = Release;
		};
/* End XCBuildConfiguration section */

/* Begin XCConfigurationList section */
		028B7B822709C61D0028C1B7 /* Build configuration list for PBXProject "StudentsJournalApp" */ = {
			isa = XCConfigurationList;
			buildConfigurations = (
				028B7BAF2709C6200028C1B7 /* Debug */,
				028B7BB02709C6200028C1B7 /* Release */,
			);
			defaultConfigurationIsVisible = 0;
			defaultConfigurationName = Release;
		};
		028B7BB12709C6200028C1B7 /* Build configuration list for PBXNativeTarget "StudentsJournalApp" */ = {
			isa = XCConfigurationList;
			buildConfigurations = (
				028B7BB22709C6200028C1B7 /* Debug */,
				028B7BB32709C6200028C1B7 /* Release */,
			);
			defaultConfigurationIsVisible = 0;
			defaultConfigurationName = Release;
		};
		028B7BB42709C6200028C1B7 /* Build configuration list for PBXNativeTarget "StudentsJournalAppTests" */ = {
			isa = XCConfigurationList;
			buildConfigurations = (
				028B7BB52709C6200028C1B7 /* Debug */,
				028B7BB62709C6200028C1B7 /* Release */,
			);
			defaultConfigurationIsVisible = 0;
			defaultConfigurationName = Release;
		};
		028B7BB72709C6200028C1B7 /* Build configuration list for PBXNativeTarget "StudentsJournalAppUITests" */ = {
			isa = XCConfigurationList;
			buildConfigurations = (
				028B7BB82709C6200028C1B7 /* Debug */,
				028B7BB92709C6200028C1B7 /* Release */,
			);
			defaultConfigurationIsVisible = 0;
			defaultConfigurationName = Release;
		};
/* End XCConfigurationList section */
	};
	rootObject = 028B7B7F2709C61D0028C1B7 /* Project object */;
}
